uuid: b4ee48ab-78d7-491d-b313-a3d238eb3aab
langcode: en
status: true
dependencies:
  module:
    - custom_module
    - system
  theme:
    - olivero
id: articleblock
theme: olivero
region: highlighted
weight: -3
provider: null
plugin: article_block
settings:
  id: article_block
  label: 'Article block'
  label_display: visible
  provider: custom_module
visibility:
  request_path:
    id: request_path
    negate: false
    pages: '<front>'
