uuid: 015d6ecc-a68c-43a0-b708-aff6a6f25e69
langcode: en
status: true
dependencies:
  module:
    - custom_module
    - system
  theme:
    - olivero
id: articleblock
theme: olivero
region: highlighted
weight: 0
provider: null
plugin: article_block
settings:
  id: article_block
  label: 'Article block'
  label_display: visible
  provider: custom_module
visibility:
  request_path:
    id: request_path
    negate: false
    pages: '<front>'
